
Microsoft Visual Studio Solution File, Format Version 12.00
# Visual Studio Version 17
VisualStudioVersion = 17.7.34202.233
MinimumVisualStudioVersion = 10.0.40219.1
Project("{FAE04EC0-301F-11D3-BF4B-00C04F79EFBC}") = "Configo.Server", "Configo.Server\Configo.Server.csproj", "{3126016D-5F7E-4AC8-B668-AA9B3B406A43}"
EndProject
Project("{FAE04EC0-301F-11D3-BF4B-00C04F79EFBC}") = "Configo.Tests", "Configo.Tests\Configo.Tests.csproj", "{11C8D936-2DE3-404C-B1B0-6EBFC490DC99}"
EndProject
Project("{2150E333-8FDC-42A3-9474-1A3956D46DE8}") = "Solution Items", "Solution Items", "{831353AE-CAA7-4D1C-8C81-F92652D1ED45}"
	ProjectSection(SolutionItems) = preProject
		.editorconfig = .editorconfig
		.gitignore = .gitignore
		Directory.Build.props = Directory.Build.props
		coverlet.runsettings = coverlet.runsettings
		Directory.Packages.props = Directory.Packages.props
		README.md = README.md
		configo.jpg = configo.jpg
		CHANGELOG.md = CHANGELOG.md
		publish.ps1 = publish.ps1
	EndProjectSection
EndProject
Project("{2150E333-8FDC-42A3-9474-1A3956D46DE8}") = ".github", ".github", "{29A8D25B-8A75-43EB-A1B7-866D11D7DAD2}"
	ProjectSection(SolutionItems) = preProject
		..\.github\workflows\build.yml = ..\.github\workflows\build.yml
	EndProjectSection
EndProject
Project("{FAE04EC0-301F-11D3-BF4B-00C04F79EFBC}") = "Configo.Database.SqlServer", "Configo.Database.SqlServer\Configo.Database.SqlServer.csproj", "{90217652-E981-4324-A36A-E083C28BBD13}"
EndProject
Project("{FAE04EC0-301F-11D3-BF4B-00C04F79EFBC}") = "Configo.Database.NpgSql", "Configo.Database.NpgSql\Configo.Database.NpgSql.csproj", "{684A3278-384A-4ACE-9684-316D400A4281}"
EndProject
Project("{FAE04EC0-301F-11D3-BF4B-00C04F79EFBC}") = "Configo.Database", "Configo.Database\Configo.Database.csproj", "{3436F6CE-1843-4827-A112-0ABD485D1769}"
EndProject
Project("{FAE04EC0-301F-11D3-BF4B-00C04F79EFBC}") = "Configo.Client", "Configo.Client\Configo.Client.csproj", "{AC8EB727-5B27-44D6-8BE1-D80D20404E61}"
EndProject
Global
	GlobalSection(SolutionConfigurationPlatforms) = preSolution
		Debug|Any CPU = Debug|Any CPU
		Release|Any CPU = Release|Any CPU
	EndGlobalSection
	GlobalSection(ProjectConfigurationPlatforms) = postSolution
		{3126016D-5F7E-4AC8-B668-AA9B3B406A43}.Debug|Any CPU.ActiveCfg = Debug|Any CPU
		{3126016D-5F7E-4AC8-B668-AA9B3B406A43}.Debug|Any CPU.Build.0 = Debug|Any CPU
		{3126016D-5F7E-4AC8-B668-AA9B3B406A43}.Release|Any CPU.ActiveCfg = Release|Any CPU
		{3126016D-5F7E-4AC8-B668-AA9B3B406A43}.Release|Any CPU.Build.0 = Release|Any CPU
		{11C8D936-2DE3-404C-B1B0-6EBFC490DC99}.Debug|Any CPU.ActiveCfg = Debug|Any CPU
		{11C8D936-2DE3-404C-B1B0-6EBFC490DC99}.Debug|Any CPU.Build.0 = Debug|Any CPU
		{11C8D936-2DE3-404C-B1B0-6EBFC490DC99}.Release|Any CPU.ActiveCfg = Release|Any CPU
		{11C8D936-2DE3-404C-B1B0-6EBFC490DC99}.Release|Any CPU.Build.0 = Release|Any CPU
		{90217652-E981-4324-A36A-E083C28BBD13}.Debug|Any CPU.ActiveCfg = Debug|Any CPU
		{90217652-E981-4324-A36A-E083C28BBD13}.Debug|Any CPU.Build.0 = Debug|Any CPU
		{90217652-E981-4324-A36A-E083C28BBD13}.Release|Any CPU.ActiveCfg = Release|Any CPU
		{90217652-E981-4324-A36A-E083C28BBD13}.Release|Any CPU.Build.0 = Release|Any CPU
		{684A3278-384A-4ACE-9684-316D400A4281}.Debug|Any CPU.ActiveCfg = Debug|Any CPU
		{684A3278-384A-4ACE-9684-316D400A4281}.Debug|Any CPU.Build.0 = Debug|Any CPU
		{684A3278-384A-4ACE-9684-316D400A4281}.Release|Any CPU.ActiveCfg = Release|Any CPU
		{684A3278-384A-4ACE-9684-316D400A4281}.Release|Any CPU.Build.0 = Release|Any CPU
		{3436F6CE-1843-4827-A112-0ABD485D1769}.Debug|Any CPU.ActiveCfg = Debug|Any CPU
		{3436F6CE-1843-4827-A112-0ABD485D1769}.Debug|Any CPU.Build.0 = Debug|Any CPU
		{3436F6CE-1843-4827-A112-0ABD485D1769}.Release|Any CPU.ActiveCfg = Release|Any CPU
		{3436F6CE-1843-4827-A112-0ABD485D1769}.Release|Any CPU.Build.0 = Release|Any CPU
		{AC8EB727-5B27-44D6-8BE1-D80D20404E61}.Debug|Any CPU.ActiveCfg = Debug|Any CPU
		{AC8EB727-5B27-44D6-8BE1-D80D20404E61}.Debug|Any CPU.Build.0 = Debug|Any CPU
		{AC8EB727-5B27-44D6-8BE1-D80D20404E61}.Release|Any CPU.ActiveCfg = Release|Any CPU
		{AC8EB727-5B27-44D6-8BE1-D80D20404E61}.Release|Any CPU.Build.0 = Release|Any CPU
	EndGlobalSection
	GlobalSection(SolutionProperties) = preSolution
		HideSolutionNode = FALSE
	EndGlobalSection
	GlobalSection(ExtensibilityGlobals) = postSolution
		SolutionGuid = {372B7EFC-32E1-49C3-9B79-59083FF2139A}
	EndGlobalSection
	GlobalSection(NestedProjects) = preSolution
		{29A8D25B-8A75-43EB-A1B7-866D11D7DAD2} = {831353AE-CAA7-4D1C-8C81-F92652D1ED45}
	EndGlobalSection
EndGlobal
